
Microsoft Visual Studio Solution File, Format Version 12.00
# Visual Studio 15
VisualStudioVersion = 15.0.28010.2041
MinimumVisualStudioVersion = 10.0.40219.1
Project("{FAE04EC0-301F-11D3-BF4B-00C04F79EFBC}") = "RPG", "RPG\RPG.csproj", "{D62E235C-D6BD-46C5-B22F-AE0505189657}"
EndProject
Global
	GlobalSection(SolutionConfigurationPlatforms) = preSolution
		Debug|x86 = Debug|x86
		Release|x86 = Release|x86
	EndGlobalSection
	GlobalSection(ProjectConfigurationPlatforms) = postSolution
		{D62E235C-D6BD-46C5-B22F-AE0505189657}.Debug|x86.ActiveCfg = Debug|x86
		{D62E235C-D6BD-46C5-B22F-AE0505189657}.Debug|x86.Build.0 = Debug|x86
		{D62E235C-D6BD-46C5-B22F-AE0505189657}.Release|x86.ActiveCfg = Release|x86
		{D62E235C-D6BD-46C5-B22F-AE0505189657}.Release|x86.Build.0 = Release|x86
	EndGlobalSection
	GlobalSection(SolutionProperties) = preSolution
		HideSolutionNode = FALSE
	EndGlobalSection
	GlobalSection(ExtensibilityGlobals) = postSolution
		SolutionGuid = {483A31B3-432A-4568-8516-AFD62D00782C}
	EndGlobalSection
EndGlobal
