
Microsoft Visual Studio Solution File, Format Version 12.00
# Visual Studio Version 16
VisualStudioVersion = 16.0.28729.10
MinimumVisualStudioVersion = 10.0.40219.1
Project("{8BC9CEB8-8B4A-11D0-8D11-00A0C91BC942}") = "Basic Linked Lists", "Basic Linked Lists\Basic Linked Lists.vcxproj", "{B5E20FDC-7D2D-43DB-9B92-BC5D96E0D30B}"
EndProject
Project("{8BC9CEB8-8B4A-11D0-8D11-00A0C91BC942}") = "ADT Linked Lists", "ADT Linked Lists\ADT Linked Lists.vcxproj", "{DEC5A641-3B82-45FF-8466-C135CACDD03C}"
EndProject
Project("{8BC9CEB8-8B4A-11D0-8D11-00A0C91BC942}") = "Doubly Linked Lists", "Doubly Linked Lists\Doubly Linked Lists.vcxproj", "{F842D060-D2B8-4851-ADC6-ECCAD7BD35B2}"
EndProject
Global
	GlobalSection(SolutionConfigurationPlatforms) = preSolution
		Debug|x64 = Debug|x64
		Debug|x86 = Debug|x86
		Release|x64 = Release|x64
		Release|x86 = Release|x86
	EndGlobalSection
	GlobalSection(ProjectConfigurationPlatforms) = postSolution
		{B5E20FDC-7D2D-43DB-9B92-BC5D96E0D30B}.Debug|x64.ActiveCfg = Debug|x64
		{B5E20FDC-7D2D-43DB-9B92-BC5D96E0D30B}.Debug|x64.Build.0 = Debug|x64
		{B5E20FDC-7D2D-43DB-9B92-BC5D96E0D30B}.Debug|x86.ActiveCfg = Debug|Win32
		{B5E20FDC-7D2D-43DB-9B92-BC5D96E0D30B}.Debug|x86.Build.0 = Debug|Win32
		{B5E20FDC-7D2D-43DB-9B92-BC5D96E0D30B}.Release|x64.ActiveCfg = Release|x64
		{B5E20FDC-7D2D-43DB-9B92-BC5D96E0D30B}.Release|x64.Build.0 = Release|x64
		{B5E20FDC-7D2D-43DB-9B92-BC5D96E0D30B}.Release|x86.ActiveCfg = Release|Win32
		{B5E20FDC-7D2D-43DB-9B92-BC5D96E0D30B}.Release|x86.Build.0 = Release|Win32
		{DEC5A641-3B82-45FF-8466-C135CACDD03C}.Debug|x64.ActiveCfg = Debug|x64
		{DEC5A641-3B82-45FF-8466-C135CACDD03C}.Debug|x64.Build.0 = Debug|x64
		{DEC5A641-3B82-45FF-8466-C135CACDD03C}.Debug|x86.ActiveCfg = Debug|Win32
		{DEC5A641-3B82-45FF-8466-C135CACDD03C}.Debug|x86.Build.0 = Debug|Win32
		{DEC5A641-3B82-45FF-8466-C135CACDD03C}.Release|x64.ActiveCfg = Release|x64
		{DEC5A641-3B82-45FF-8466-C135CACDD03C}.Release|x64.Build.0 = Release|x64
		{DEC5A641-3B82-45FF-8466-C135CACDD03C}.Release|x86.ActiveCfg = Release|Win32
		{DEC5A641-3B82-45FF-8466-C135CACDD03C}.Release|x86.Build.0 = Release|Win32
		{F842D060-D2B8-4851-ADC6-ECCAD7BD35B2}.Debug|x64.ActiveCfg = Debug|x64
		{F842D060-D2B8-4851-ADC6-ECCAD7BD35B2}.Debug|x64.Build.0 = Debug|x64
		{F842D060-D2B8-4851-ADC6-ECCAD7BD35B2}.Debug|x86.ActiveCfg = Debug|Win32
		{F842D060-D2B8-4851-ADC6-ECCAD7BD35B2}.Debug|x86.Build.0 = Debug|Win32
		{F842D060-D2B8-4851-ADC6-ECCAD7BD35B2}.Release|x64.ActiveCfg = Release|x64
		{F842D060-D2B8-4851-ADC6-ECCAD7BD35B2}.Release|x64.Build.0 = Release|x64
		{F842D060-D2B8-4851-ADC6-ECCAD7BD35B2}.Release|x86.ActiveCfg = Release|Win32
		{F842D060-D2B8-4851-ADC6-ECCAD7BD35B2}.Release|x86.Build.0 = Release|Win32
	EndGlobalSection
	GlobalSection(SolutionProperties) = preSolution
		HideSolutionNode = FALSE
	EndGlobalSection
	GlobalSection(ExtensibilityGlobals) = postSolution
		SolutionGuid = {47CBFA9C-2C4A-4BE1-B7F3-30E9D69EF2B9}
	EndGlobalSection
EndGlobal
