
Microsoft Visual Studio Solution File, Format Version 12.00
# Visual Studio 15
VisualStudioVersion = 15.0.28307.329
MinimumVisualStudioVersion = 10.0.40219.1
Project("{FAE04EC0-301F-11D3-BF4B-00C04F79EFBC}") = "WindowsFormsApp1", "WindowsFormsApp1\WindowsFormsApp1.csproj", "{E5D0C4E7-9326-4B0D-BF42-D3FB9C03E022}"
EndProject
Global
	GlobalSection(SolutionConfigurationPlatforms) = preSolution
		Debug|Any CPU = Debug|Any CPU
		Release|Any CPU = Release|Any CPU
	EndGlobalSection
	GlobalSection(ProjectConfigurationPlatforms) = postSolution
		{E5D0C4E7-9326-4B0D-BF42-D3FB9C03E022}.Debug|Any CPU.ActiveCfg = Debug|Any CPU
		{E5D0C4E7-9326-4B0D-BF42-D3FB9C03E022}.Debug|Any CPU.Build.0 = Debug|Any CPU
		{E5D0C4E7-9326-4B0D-BF42-D3FB9C03E022}.Release|Any CPU.ActiveCfg = Release|Any CPU
		{E5D0C4E7-9326-4B0D-BF42-D3FB9C03E022}.Release|Any CPU.Build.0 = Release|Any CPU
	EndGlobalSection
	GlobalSection(SolutionProperties) = preSolution
		HideSolutionNode = FALSE
	EndGlobalSection
	GlobalSection(ExtensibilityGlobals) = postSolution
		SolutionGuid = {146E7396-B15D-4FF7-86D0-A822D36CA4CF}
	EndGlobalSection
EndGlobal
