
Microsoft Visual Studio Solution File, Format Version 12.00
# Visual Studio 15
VisualStudioVersion = 15.0.27428.2005
MinimumVisualStudioVersion = 10.0.40219.1
Project("{8BC9CEB8-8B4A-11D0-8D11-00A0C91BC942}") = "Unordered Linked List", "Unordered Linked List\Unordered Linked List.vcxproj", "{EE1F1D76-B63E-4790-82D5-4E1604FB3EBB}"
EndProject
Global
	GlobalSection(SolutionConfigurationPlatforms) = preSolution
		Debug|x64 = Debug|x64
		Debug|x86 = Debug|x86
		Release|x64 = Release|x64
		Release|x86 = Release|x86
	EndGlobalSection
	GlobalSection(ProjectConfigurationPlatforms) = postSolution
		{EE1F1D76-B63E-4790-82D5-4E1604FB3EBB}.Debug|x64.ActiveCfg = Debug|x64
		{EE1F1D76-B63E-4790-82D5-4E1604FB3EBB}.Debug|x64.Build.0 = Debug|x64
		{EE1F1D76-B63E-4790-82D5-4E1604FB3EBB}.Debug|x86.ActiveCfg = Debug|Win32
		{EE1F1D76-B63E-4790-82D5-4E1604FB3EBB}.Debug|x86.Build.0 = Debug|Win32
		{EE1F1D76-B63E-4790-82D5-4E1604FB3EBB}.Release|x64.ActiveCfg = Release|x64
		{EE1F1D76-B63E-4790-82D5-4E1604FB3EBB}.Release|x64.Build.0 = Release|x64
		{EE1F1D76-B63E-4790-82D5-4E1604FB3EBB}.Release|x86.ActiveCfg = Release|Win32
		{EE1F1D76-B63E-4790-82D5-4E1604FB3EBB}.Release|x86.Build.0 = Release|Win32
	EndGlobalSection
	GlobalSection(SolutionProperties) = preSolution
		HideSolutionNode = FALSE
	EndGlobalSection
	GlobalSection(ExtensibilityGlobals) = postSolution
		SolutionGuid = {D9D94222-24ED-4343-9DA5-52062EB4DF8F}
	EndGlobalSection
	GlobalSection(TeamFoundationVersionControl) = preSolution
		SccNumberOfProjects = 2
		SccEnterpriseProvider = {4CA58AB2-18FA-4F8D-95D4-32DDF27D184C}
		SccTeamFoundationServer = https://myclassroomcode.visualstudio.com/
		SccLocalPath0 = .
		SccProjectUniqueName1 = Unordered\u0020Linked\u0020List\\Unordered\u0020Linked\u0020List.vcxproj
		SccProjectName1 = Unordered\u0020Linked\u0020List
		SccLocalPath1 = Unordered\u0020Linked\u0020List
	EndGlobalSection
EndGlobal
